
Microsoft Visual Studio Solution File, Format Version 12.00
# Visual Studio 2013
VisualStudioVersion = 12.0.21005.1
MinimumVisualStudioVersion = 10.0.40219.1
Project("{8BC9CEB8-8B4A-11D0-8D11-00A0C91BC942}") = "Project4", "Project4.vcxproj", "{3C0453C4-F4CA-47ED-ADA2-A789F5F39039}"
EndProject
Global
	GlobalSection(SolutionConfigurationPlatforms) = preSolution
		Debug|Win32 = Debug|Win32
		Release|Win32 = Release|Win32
	EndGlobalSection
	GlobalSection(ProjectConfigurationPlatforms) = postSolution
		{3C0453C4-F4CA-47ED-ADA2-A789F5F39039}.Debug|Win32.ActiveCfg = Debug|Win32
		{3C0453C4-F4CA-47ED-ADA2-A789F5F39039}.Debug|Win32.Build.0 = Debug|Win32
		{3C0453C4-F4CA-47ED-ADA2-A789F5F39039}.Release|Win32.ActiveCfg = Release|Win32
		{3C0453C4-F4CA-47ED-ADA2-A789F5F39039}.Release|Win32.Build.0 = Release|Win32
	EndGlobalSection
	GlobalSection(SolutionProperties) = preSolution
		HideSolutionNode = FALSE
	EndGlobalSection
EndGlobal
