
Microsoft Visual Studio Solution File, Format Version 12.00
# Visual Studio 2013
VisualStudioVersion = 12.0.21005.1
MinimumVisualStudioVersion = 10.0.40219.1
Project("{8BC9CEB8-8B4A-11D0-8D11-00A0C91BC942}") = "Project12_socket_server", "Project12_socket_server.vcxproj", "{6C08D613-FF2B-4680-B901-081C1093BB98}"
EndProject
Global
	GlobalSection(SolutionConfigurationPlatforms) = preSolution
		Debug|Win32 = Debug|Win32
		Release|Win32 = Release|Win32
	EndGlobalSection
	GlobalSection(ProjectConfigurationPlatforms) = postSolution
		{6C08D613-FF2B-4680-B901-081C1093BB98}.Debug|Win32.ActiveCfg = Debug|Win32
		{6C08D613-FF2B-4680-B901-081C1093BB98}.Debug|Win32.Build.0 = Debug|Win32
		{6C08D613-FF2B-4680-B901-081C1093BB98}.Release|Win32.ActiveCfg = Release|Win32
		{6C08D613-FF2B-4680-B901-081C1093BB98}.Release|Win32.Build.0 = Release|Win32
	EndGlobalSection
	GlobalSection(SolutionProperties) = preSolution
		HideSolutionNode = FALSE
	EndGlobalSection
EndGlobal
